
Microsoft Visual Studio Solution File, Format Version 12.00
# Visual Studio 2012
Project("{8BC9CEB8-8B4A-11D0-8D11-00A0C91BC942}") = "VisualStudioProject", "VisualStudioProject\VisualStudioProject.vcxproj", "{8BA73C52-9243-4E31-B65F-726818E54E12}"
EndProject
Global
	GlobalSection(SolutionConfigurationPlatforms) = preSolution
		Debug|Win32 = Debug|Win32
		Release|Win32 = Release|Win32
	EndGlobalSection
	GlobalSection(ProjectConfigurationPlatforms) = postSolution
		{8BA73C52-9243-4E31-B65F-726818E54E12}.Debug|Win32.ActiveCfg = Debug|Win32
		{8BA73C52-9243-4E31-B65F-726818E54E12}.Debug|Win32.Build.0 = Debug|Win32
		{8BA73C52-9243-4E31-B65F-726818E54E12}.Release|Win32.ActiveCfg = Release|Win32
		{8BA73C52-9243-4E31-B65F-726818E54E12}.Release|Win32.Build.0 = Release|Win32
	EndGlobalSection
	GlobalSection(SolutionProperties) = preSolution
		HideSolutionNode = FALSE
	EndGlobalSection
EndGlobal
